
Microsoft Visual Studio Solution File, Format Version 12.00
# Visual Studio 15
VisualStudioVersion = 15.0.27130.2027
MinimumVisualStudioVersion = 10.0.40219.1
Project("{9A19103F-16F7-4668-BE54-9A1E7A4F7556}") = "BookInfo", "BookInfo\BookInfo.csproj", "{2400130C-5C7F-40F2-95CF-0E3327423104}"
EndProject
Project("{9A19103F-16F7-4668-BE54-9A1E7A4F7556}") = "BookInfo.Tests", "BookInfo.Tests\BookInfo.Tests.csproj", "{9387CA0A-8902-49FD-A572-4FBF4A45A895}"
EndProject
Project("{2150E333-8FDC-42A3-9474-1A3956D46DE8}") = "Solution Items", "Solution Items", "{A300CAF8-5A27-44BC-915F-3F83A06B0D39}"
	ProjectSection(SolutionItems) = preProject
		README.md = README.md
	EndProjectSection
EndProject
Global
	GlobalSection(SolutionConfigurationPlatforms) = preSolution
		Debug|Any CPU = Debug|Any CPU
		Release|Any CPU = Release|Any CPU
	EndGlobalSection
	GlobalSection(ProjectConfigurationPlatforms) = postSolution
		{2400130C-5C7F-40F2-95CF-0E3327423104}.Debug|Any CPU.ActiveCfg = Debug|Any CPU
		{2400130C-5C7F-40F2-95CF-0E3327423104}.Debug|Any CPU.Build.0 = Debug|Any CPU
		{2400130C-5C7F-40F2-95CF-0E3327423104}.Release|Any CPU.ActiveCfg = Release|Any CPU
		{2400130C-5C7F-40F2-95CF-0E3327423104}.Release|Any CPU.Build.0 = Release|Any CPU
		{9387CA0A-8902-49FD-A572-4FBF4A45A895}.Debug|Any CPU.ActiveCfg = Debug|Any CPU
		{9387CA0A-8902-49FD-A572-4FBF4A45A895}.Debug|Any CPU.Build.0 = Debug|Any CPU
		{9387CA0A-8902-49FD-A572-4FBF4A45A895}.Release|Any CPU.ActiveCfg = Release|Any CPU
		{9387CA0A-8902-49FD-A572-4FBF4A45A895}.Release|Any CPU.Build.0 = Release|Any CPU
	EndGlobalSection
	GlobalSection(SolutionProperties) = preSolution
		HideSolutionNode = FALSE
	EndGlobalSection
	GlobalSection(ExtensibilityGlobals) = postSolution
		SolutionGuid = {7956FF44-1801-4A77-A841-DC360612AA38}
	EndGlobalSection
EndGlobal
